// !$*UTF8*$!
{
	archiveVersion = 1;
	classes = {
	};
	objectVersion = 50;
	objects = {

/* Begin PBXBuildFile section */
		C801D68025EE474F00C3DF2D /* UIPubItemCell.swift in Sources */ = {isa = PBXBuildFile; fileRef = C801D67F25EE474F00C3DF2D /* UIPubItemCell.swift */; };
		C81D380B2702C46600080D8A /* LICENCE in Resources */ = {isa = PBXBuildFile; fileRef = C81D38092702C46600080D8A /* LICENCE */; };
		C81D380C2702C46600080D8A /* contributors.md in Resources */ = {isa = PBXBuildFile; fileRef = C81D380A2702C46600080D8A /* contributors.md */; };
		C81DC9F2246D01A500553D89 /* README.md in Resources */ = {isa = PBXBuildFile; fileRef = C81DC9F1246D01A400553D89 /* README.md */; };
		C857BCE72553B8A900476AB6 /* PubItemsViewController.swift in Sources */ = {isa = PBXBuildFile; fileRef = C857BCE62553B8A900476AB6 /* PubItemsViewController.swift */; };
		C8AA65DF245FCE0E00B456AE /* AppDelegate.swift in Sources */ = {isa = PBXBuildFile; fileRef = C8AA65DE245FCE0E00B456AE /* AppDelegate.swift */; };
		C8AA65E6245FCE0E00B456AE /* Main.storyboard in Resources */ = {isa = PBXBuildFile; fileRef = C8AA65E4245FCE0E00B456AE /* Main.storyboard */; };
		C8AA65E8245FCE2F00B456AE /* Assets.xcassets in Resources */ = {isa = PBXBuildFile; fileRef = C8AA65E7245FCE2F00B456AE /* Assets.xcassets */; };
		C8AA65EB245FCE2F00B456AE /* LaunchScreen.storyboard in Resources */ = {isa = PBXBuildFile; fileRef = C8AA65E9245FCE2F00B456AE /* LaunchScreen.storyboard */; };
		C8AA6604245FE78300B456AE /* Book.swift in Sources */ = {isa = PBXBuildFile; fileRef = C8AA6600245FE78200B456AE /* Book.swift */; };
		C8AA6606245FE78300B456AE /* Bible.swift in Sources */ = {isa = PBXBuildFile; fileRef = C8AA6602245FE78200B456AE /* Bible.swift */; };
		C8AA6607245FE78300B456AE /* Chapter.swift in Sources */ = {isa = PBXBuildFile; fileRef = C8AA6603245FE78300B456AE /* Chapter.swift */; };
		C8AA660B245FE7DE00B456AE /* KITDAO.swift in Sources */ = {isa = PBXBuildFile; fileRef = C8AA6608245FE7DD00B456AE /* KITDAO.swift */; };
		C8AA660C245FE7DE00B456AE /* KIT_BooksNames.txt in Resources */ = {isa = PBXBuildFile; fileRef = C8AA6609245FE7DD00B456AE /* KIT_BooksNames.txt */; };
		C8AA660D245FE7DE00B456AE /* KIT_BooksSpec.txt in Resources */ = {isa = PBXBuildFile; fileRef = C8AA660A245FE7DE00B456AE /* KIT_BooksSpec.txt */; };
		C8AA6614245FEBAE00B456AE /* KeyItSetupController.swift in Sources */ = {isa = PBXBuildFile; fileRef = C8AA660E245FEBAD00B456AE /* KeyItSetupController.swift */; };
		C8AA6615245FEBAE00B456AE /* ExportChapterViewController.swift in Sources */ = {isa = PBXBuildFile; fileRef = C8AA660F245FEBAD00B456AE /* ExportChapterViewController.swift */; };
		C8AA6616245FEBAE00B456AE /* ChaptersTableViewController.swift in Sources */ = {isa = PBXBuildFile; fileRef = C8AA6610245FEBAD00B456AE /* ChaptersTableViewController.swift */; };
		C8AA6617245FEBAE00B456AE /* VersesTableViewController.swift in Sources */ = {isa = PBXBuildFile; fileRef = C8AA6611245FEBAD00B456AE /* VersesTableViewController.swift */; };
		C8AA6618245FEBAE00B456AE /* UIVerseItemCell.swift in Sources */ = {isa = PBXBuildFile; fileRef = C8AA6612245FEBAD00B456AE /* UIVerseItemCell.swift */; };
		C8AA6619245FEBAE00B456AE /* BooksTableViewController.swift in Sources */ = {isa = PBXBuildFile; fileRef = C8AA6613245FEBAE00B456AE /* BooksTableViewController.swift */; };
		C8D02EE826AFC480003DAA80 /* ErrorNumbers.swift in Sources */ = {isa = PBXBuildFile; fileRef = C8D02EE726AFC480003DAA80 /* ErrorNumbers.swift */; };
		C8EB83D4256B242300D25EC4 /* VIMenu.swift in Sources */ = {isa = PBXBuildFile; fileRef = C8EB83D3256B242300D25EC4 /* VIMenu.swift */; };
/* End PBXBuildFile section */

/* Begin PBXFileReference section */
		C801D67F25EE474F00C3DF2D /* UIPubItemCell.swift */ = {isa = PBXFileReference; lastKnownFileType = sourcecode.swift; path = UIPubItemCell.swift; sourceTree = "<group>"; };
		C81D38092702C46600080D8A /* LICENCE */ = {isa = PBXFileReference; fileEncoding = 4; lastKnownFileType = text; name = LICENCE; path = ../../LICENCE; sourceTree = "<group>"; };
		C81D380A2702C46600080D8A /* contributors.md */ = {isa = PBXFileReference; fileEncoding = 4; lastKnownFileType = net.daringfireball.markdown; name = contributors.md; path = ../../contributors.md; sourceTree = "<group>"; };
		C81DC9F1246D01A400553D89 /* README.md */ = {isa = PBXFileReference; fileEncoding = 4; lastKnownFileType = net.daringfireball.markdown; path = README.md; sourceTree = "<group>"; };
		C857BCE62553B8A900476AB6 /* PubItemsViewController.swift */ = {isa = PBXFileReference; lastKnownFileType = sourcecode.swift; path = PubItemsViewController.swift; sourceTree = "<group>"; };
		C85A83B826AADE2300512C04 /* fr */ = {isa = PBXFileReference; lastKnownFileType = text.plist.strings; name = fr; path = fr.lproj/Main.strings; sourceTree = "<group>"; };
		C85A83B926AADE2400512C04 /* fr */ = {isa = PBXFileReference; lastKnownFileType = text.plist.strings; name = fr; path = fr.lproj/LaunchScreen.strings; sourceTree = "<group>"; };
		C85A83BA26AADF7E00512C04 /* en-AU */ = {isa = PBXFileReference; lastKnownFileType = text.plist.strings; name = "en-AU"; path = "en-AU.lproj/Main.strings"; sourceTree = "<group>"; };
		C85A83BB26AADF7E00512C04 /* en-AU */ = {isa = PBXFileReference; lastKnownFileType = text.plist.strings; name = "en-AU"; path = "en-AU.lproj/LaunchScreen.strings"; sourceTree = "<group>"; };
		C8AA65DB245FCE0E00B456AE /* kitios.app */ = {isa = PBXFileReference; explicitFileType = wrapper.application; includeInIndex = 0; path = kitios.app; sourceTree = BUILT_PRODUCTS_DIR; };
		C8AA65DE245FCE0E00B456AE /* AppDelegate.swift */ = {isa = PBXFileReference; lastKnownFileType = sourcecode.swift; path = AppDelegate.swift; sourceTree = "<group>"; };
		C8AA65E5245FCE0E00B456AE /* Base */ = {isa = PBXFileReference; lastKnownFileType = file.storyboard; name = Base; path = Base.lproj/Main.storyboard; sourceTree = "<group>"; };
		C8AA65E7245FCE2F00B456AE /* Assets.xcassets */ = {isa = PBXFileReference; lastKnownFileType = folder.assetcatalog; path = Assets.xcassets; sourceTree = "<group>"; };
		C8AA65EA245FCE2F00B456AE /* Base */ = {isa = PBXFileReference; lastKnownFileType = file.storyboard; name = Base; path = Base.lproj/LaunchScreen.storyboard; sourceTree = "<group>"; };
		C8AA65EC245FCE2F00B456AE /* Info.plist */ = {isa = PBXFileReference; lastKnownFileType = text.plist.xml; path = Info.plist; sourceTree = "<group>"; };
		C8AA65F8245FE36000B456AE /* libsqlite3.tbd */ = {isa = PBXFileReference; lastKnownFileType = "sourcecode.text-based-dylib-definition"; name = libsqlite3.tbd; path = usr/lib/libsqlite3.tbd; sourceTree = SDKROOT; };
		C8AA65FE245FE52B00B456AE /* SQLite3Bridge.h */ = {isa = PBXFileReference; fileEncoding = 4; lastKnownFileType = sourcecode.c.h; path = SQLite3Bridge.h; sourceTree = "<group>"; };
		C8AA6600245FE78200B456AE /* Book.swift */ = {isa = PBXFileReference; fileEncoding = 4; lastKnownFileType = sourcecode.swift; path = Book.swift; sourceTree = "<group>"; };
		C8AA6602245FE78200B456AE /* Bible.swift */ = {isa = PBXFileReference; fileEncoding = 4; lastKnownFileType = sourcecode.swift; path = Bible.swift; sourceTree = "<group>"; };
		C8AA6603245FE78300B456AE /* Chapter.swift */ = {isa = PBXFileReference; fileEncoding = 4; lastKnownFileType = sourcecode.swift; path = Chapter.swift; sourceTree = "<group>"; };
		C8AA6608245FE7DD00B456AE /* KITDAO.swift */ = {isa = PBXFileReference; fileEncoding = 4; lastKnownFileType = sourcecode.swift; path = KITDAO.swift; sourceTree = "<group>"; };
		C8AA6609245FE7DD00B456AE /* KIT_BooksNames.txt */ = {isa = PBXFileReference; fileEncoding = 4; lastKnownFileType = text; path = KIT_BooksNames.txt; sourceTree = "<group>"; };
		C8AA660A245FE7DE00B456AE /* KIT_BooksSpec.txt */ = {isa = PBXFileReference; fileEncoding = 4; lastKnownFileType = text; path = KIT_BooksSpec.txt; sourceTree = "<group>"; };
		C8AA660E245FEBAD00B456AE /* KeyItSetupController.swift */ = {isa = PBXFileReference; fileEncoding = 4; lastKnownFileType = sourcecode.swift; path = KeyItSetupController.swift; sourceTree = "<group>"; };
		C8AA660F245FEBAD00B456AE /* ExportChapterViewController.swift */ = {isa = PBXFileReference; fileEncoding = 4; lastKnownFileType = sourcecode.swift; path = ExportChapterViewController.swift; sourceTree = "<group>"; };
		C8AA6610245FEBAD00B456AE /* ChaptersTableViewController.swift */ = {isa = PBXFileReference; fileEncoding = 4; lastKnownFileType = sourcecode.swift; path = ChaptersTableViewController.swift; sourceTree = "<group>"; };
		C8AA6611245FEBAD00B456AE /* VersesTableViewController.swift */ = {isa = PBXFileReference; fileEncoding = 4; lastKnownFileType = sourcecode.swift; path = VersesTableViewController.swift; sourceTree = "<group>"; };
		C8AA6612245FEBAD00B456AE /* UIVerseItemCell.swift */ = {isa = PBXFileReference; fileEncoding = 4; lastKnownFileType = sourcecode.swift; path = UIVerseItemCell.swift; sourceTree = "<group>"; };
		C8AA6613245FEBAE00B456AE /* BooksTableViewController.swift */ = {isa = PBXFileReference; fileEncoding = 4; lastKnownFileType = sourcecode.swift; path = BooksTableViewController.swift; sourceTree = "<group>"; };
		C8D02EE726AFC480003DAA80 /* ErrorNumbers.swift */ = {isa = PBXFileReference; lastKnownFileType = sourcecode.swift; path = ErrorNumbers.swift; sourceTree = "<group>"; };
		C8EB83D3256B242300D25EC4 /* VIMenu.swift */ = {isa = PBXFileReference; lastKnownFileType = sourcecode.swift; path = VIMenu.swift; sourceTree = "<group>"; };
/* End PBXFileReference section */

/* Begin PBXFrameworksBuildPhase section */
		C8AA65D8245FCE0E00B456AE /* Frameworks */ = {
			isa = PBXFrameworksBuildPhase;
			buildActionMask = 2147483647;
			files = (
			);
			runOnlyForDeploymentPostprocessing = 0;
		};
/* End PBXFrameworksBuildPhase section */

/* Begin PBXGroup section */
		C81DC9F0246D00B800553D89 /* Documentation */ = {
			isa = PBXGroup;
			children = (
				C81DC9F1246D01A400553D89 /* README.md */,
				C81D38092702C46600080D8A /* LICENCE */,
				C81D380A2702C46600080D8A /* contributors.md */,
			);
			path = Documentation;
			sourceTree = "<group>";
		};
		C8AA65D2245FCE0E00B456AE = {
			isa = PBXGroup;
			children = (
				C8AA65FD245FE4E800B456AE /* bridge */,
				C8AA65DD245FCE0E00B456AE /* kitios */,
				C8AA65FF245FE71C00B456AE /* models */,
				C8AA65DC245FCE0E00B456AE /* Products */,
				C81DC9F0246D00B800553D89 /* Documentation */,
				C8AA65F7245FE36000B456AE /* Frameworks */,
			);
			sourceTree = "<group>";
		};
		C8AA65DC245FCE0E00B456AE /* Products */ = {
			isa = PBXGroup;
			children = (
				C8AA65DB245FCE0E00B456AE /* kitios.app */,
			);
			name = Products;
			sourceTree = "<group>";
		};
		C8AA65DD245FCE0E00B456AE /* kitios */ = {
			isa = PBXGroup;
			children = (
				C8AA660E245FEBAD00B456AE /* KeyItSetupController.swift */,
				C8AA6613245FEBAE00B456AE /* BooksTableViewController.swift */,
				C8AA6610245FEBAD00B456AE /* ChaptersTableViewController.swift */,
				C8AA6611245FEBAD00B456AE /* VersesTableViewController.swift */,
				C8AA6612245FEBAD00B456AE /* UIVerseItemCell.swift */,
				C857BCE62553B8A900476AB6 /* PubItemsViewController.swift */,
				C801D67F25EE474F00C3DF2D /* UIPubItemCell.swift */,
				C8AA660F245FEBAD00B456AE /* ExportChapterViewController.swift */,
				C8AA65DE245FCE0E00B456AE /* AppDelegate.swift */,
				C8AA65E4245FCE0E00B456AE /* Main.storyboard */,
				C8AA65E7245FCE2F00B456AE /* Assets.xcassets */,
				C8AA65E9245FCE2F00B456AE /* LaunchScreen.storyboard */,
				C8AA65EC245FCE2F00B456AE /* Info.plist */,
			);
			path = kitios;
			sourceTree = "<group>";
		};
		C8AA65F7245FE36000B456AE /* Frameworks */ = {
			isa = PBXGroup;
			children = (
				C8AA65F8245FE36000B456AE /* libsqlite3.tbd */,
			);
			name = Frameworks;
			sourceTree = "<group>";
		};
		C8AA65FD245FE4E800B456AE /* bridge */ = {
			isa = PBXGroup;
			children = (
				C8AA65FE245FE52B00B456AE /* SQLite3Bridge.h */,
			);
			path = bridge;
			sourceTree = "<group>";
		};
		C8AA65FF245FE71C00B456AE /* models */ = {
			isa = PBXGroup;
			children = (
				C8AA6609245FE7DD00B456AE /* KIT_BooksNames.txt */,
				C8AA660A245FE7DE00B456AE /* KIT_BooksSpec.txt */,
				C8AA6608245FE7DD00B456AE /* KITDAO.swift */,
				C8D02EE726AFC480003DAA80 /* ErrorNumbers.swift */,
				C8AA6602245FE78200B456AE /* Bible.swift */,
				C8AA6600245FE78200B456AE /* Book.swift */,
				C8AA6603245FE78300B456AE /* Chapter.swift */,
				C8EB83D3256B242300D25EC4 /* VIMenu.swift */,
			);
			path = models;
			sourceTree = "<group>";
		};
/* End PBXGroup section */

/* Begin PBXNativeTarget section */
		C8AA65DA245FCE0E00B456AE /* kitios */ = {
			isa = PBXNativeTarget;
			buildConfigurationList = C8AA65EF245FCE2F00B456AE /* Build configuration list for PBXNativeTarget "kitios" */;
			buildPhases = (
				C8AA65D7245FCE0E00B456AE /* Sources */,
				C8AA65D8245FCE0E00B456AE /* Frameworks */,
				C8AA65D9245FCE0E00B456AE /* Resources */,
			);
			buildRules = (
			);
			dependencies = (
			);
			name = kitios;
			productName = kitios;
			productReference = C8AA65DB245FCE0E00B456AE /* kitios.app */;
			productType = "com.apple.product-type.application";
		};
/* End PBXNativeTarget section */

/* Begin PBXProject section */
		C8AA65D3245FCE0E00B456AE /* Project object */ = {
			isa = PBXProject;
			attributes = {
				LastSwiftUpdateCheck = 1140;
				LastUpgradeCheck = 1250;
				ORGANIZATIONNAME = "Costin Computing Services";
				TargetAttributes = {
					C8AA65DA245FCE0E00B456AE = {
						CreatedOnToolsVersion = 11.4;
					};
				};
			};
			buildConfigurationList = C8AA65D6245FCE0E00B456AE /* Build configuration list for PBXProject "kitios" */;
			compatibilityVersion = "Xcode 9.3";
			developmentRegion = en;
			hasScannedForEncodings = 0;
			knownRegions = (
				en,
				Base,
				fr,
				"en-AU",
			);
			mainGroup = C8AA65D2245FCE0E00B456AE;
			productRefGroup = C8AA65DC245FCE0E00B456AE /* Products */;
			projectDirPath = "";
			projectRoot = "";
			targets = (
				C8AA65DA245FCE0E00B456AE /* kitios */,
			);
		};
/* End PBXProject section */

/* Begin PBXResourcesBuildPhase section */
		C8AA65D9245FCE0E00B456AE /* Resources */ = {
			isa = PBXResourcesBuildPhase;
			buildActionMask = 2147483647;
			files = (
				C8AA660D245FE7DE00B456AE /* KIT_BooksSpec.txt in Resources */,
				C81D380B2702C46600080D8A /* LICENCE in Resources */,
				C8AA65EB245FCE2F00B456AE /* LaunchScreen.storyboard in Resources */,
				C8AA660C245FE7DE00B456AE /* KIT_BooksNames.txt in Resources */,
				C8AA65E8245FCE2F00B456AE /* Assets.xcassets in Resources */,
				C81D380C2702C46600080D8A /* contributors.md in Resources */,
				C8AA65E6245FCE0E00B456AE /* Main.storyboard in Resources */,
				C81DC9F2246D01A500553D89 /* README.md in Resources */,
			);
			runOnlyForDeploymentPostprocessing = 0;
		};
/* End PBXResourcesBuildPhase section */

/* Begin PBXSourcesBuildPhase section */
		C8AA65D7245FCE0E00B456AE /* Sources */ = {
			isa = PBXSourcesBuildPhase;
			buildActionMask = 2147483647;
			files = (
				C8AA6618245FEBAE00B456AE /* UIVerseItemCell.swift in Sources */,
				C801D68025EE474F00C3DF2D /* UIPubItemCell.swift in Sources */,
				C8D02EE826AFC480003DAA80 /* ErrorNumbers.swift in Sources */,
				C8AA6619245FEBAE00B456AE /* BooksTableViewController.swift in Sources */,
				C8EB83D4256B242300D25EC4 /* VIMenu.swift in Sources */,
				C8AA6614245FEBAE00B456AE /* KeyItSetupController.swift in Sources */,
				C8AA6604245FE78300B456AE /* Book.swift in Sources */,
				C8AA6616245FEBAE00B456AE /* ChaptersTableViewController.swift in Sources */,
				C857BCE72553B8A900476AB6 /* PubItemsViewController.swift in Sources */,
				C8AA6606245FE78300B456AE /* Bible.swift in Sources */,
				C8AA6617245FEBAE00B456AE /* VersesTableViewController.swift in Sources */,
				C8AA660B245FE7DE00B456AE /* KITDAO.swift in Sources */,
				C8AA6615245FEBAE00B456AE /* ExportChapterViewController.swift in Sources */,
				C8AA65DF245FCE0E00B456AE /* AppDelegate.swift in Sources */,
				C8AA6607245FE78300B456AE /* Chapter.swift in Sources */,
			);
			runOnlyForDeploymentPostprocessing = 0;
		};
/* End PBXSourcesBuildPhase section */

/* Begin PBXVariantGroup section */
		C8AA65E4245FCE0E00B456AE /* Main.storyboard */ = {
			isa = PBXVariantGroup;
			children = (
				C8AA65E5245FCE0E00B456AE /* Base */,
				C85A83B826AADE2300512C04 /* fr */,
				C85A83BA26AADF7E00512C04 /* en-AU */,
			);
			name = Main.storyboard;
			sourceTree = "<group>";
		};
		C8AA65E9245FCE2F00B456AE /* LaunchScreen.storyboard */ = {
			isa = PBXVariantGroup;
			children = (
				C8AA65EA245FCE2F00B456AE /* Base */,
				C85A83B926AADE2400512C04 /* fr */,
				C85A83BB26AADF7E00512C04 /* en-AU */,
			);
			name = LaunchScreen.storyboard;
			sourceTree = "<group>";
		};
/* End PBXVariantGroup section */

/* Begin XCBuildConfiguration section */
		C8AA65ED245FCE2F00B456AE /* Debug */ = {
			isa = XCBuildConfiguration;
			buildSettings = {
				ALWAYS_SEARCH_USER_PATHS = NO;
				CLANG_ANALYZER_LOCALIZABILITY_NONLOCALIZED = YES;
				CLANG_ANALYZER_NONNULL = YES;
				CLANG_ANALYZER_NUMBER_OBJECT_CONVERSION = YES_AGGRESSIVE;
				CLANG_CXX_LANGUAGE_STANDARD = "gnu++14";
				CLANG_CXX_LIBRARY = "libc++";
				CLANG_ENABLE_MODULES = YES;
				CLANG_ENABLE_OBJC_ARC = YES;
				CLANG_ENABLE_OBJC_WEAK = YES;
				CLANG_WARN_BLOCK_CAPTURE_AUTORELEASING = YES;
				CLANG_WARN_BOOL_CONVERSION = YES;
				CLANG_WARN_COMMA = YES;
				CLANG_WARN_CONSTANT_CONVERSION = YES;
				CLANG_WARN_DEPRECATED_OBJC_IMPLEMENTATIONS = YES;
				CLANG_WARN_DIRECT_OBJC_ISA_USAGE = YES_ERROR;
				CLANG_WARN_DOCUMENTATION_COMMENTS = YES;
				CLANG_WARN_EMPTY_BODY = YES;
				CLANG_WARN_ENUM_CONVERSION = YES;
				CLANG_WARN_INFINITE_RECURSION = YES;
				CLANG_WARN_INT_CONVERSION = YES;
				CLANG_WARN_NON_LITERAL_NULL_CONVERSION = YES;
				CLANG_WARN_OBJC_IMPLICIT_RETAIN_SELF = YES;
				CLANG_WARN_OBJC_LITERAL_CONVERSION = YES;
				CLANG_WARN_OBJC_ROOT_CLASS = YES_ERROR;
				CLANG_WARN_QUOTED_INCLUDE_IN_FRAMEWORK_HEADER = YES;
				CLANG_WARN_RANGE_LOOP_ANALYSIS = YES;
				CLANG_WARN_STRICT_PROTOTYPES = YES;
				CLANG_WARN_SUSPICIOUS_MOVE = YES;
				CLANG_WARN_UNGUARDED_AVAILABILITY = YES_AGGRESSIVE;
				CLANG_WARN_UNREACHABLE_CODE = YES;
				CLANG_WARN__DUPLICATE_METHOD_MATCH = YES;
				CODE_SIGN_IDENTITY = "Apple Development";
				COPY_PHASE_STRIP = NO;
				DEBUG_INFORMATION_FORMAT = dwarf;
				DEVELOPMENT_TEAM = "";
				ENABLE_STRICT_OBJC_MSGSEND = YES;
				ENABLE_TESTABILITY = YES;
				GCC_C_LANGUAGE_STANDARD = gnu11;
				GCC_DYNAMIC_NO_PIC = NO;
				GCC_NO_COMMON_BLOCKS = YES;
				GCC_OPTIMIZATION_LEVEL = 0;
				GCC_PREPROCESSOR_DEFINITIONS = (
					"DEBUG=1",
					"$(inherited)",
				);
				GCC_WARN_64_TO_32_BIT_CONVERSION = YES;
				GCC_WARN_ABOUT_RETURN_TYPE = YES_ERROR;
				GCC_WARN_UNDECLARED_SELECTOR = YES;
				GCC_WARN_UNINITIALIZED_AUTOS = YES_AGGRESSIVE;
				GCC_WARN_UNUSED_FUNCTION = YES;
				GCC_WARN_UNUSED_VARIABLE = YES;
				IPHONEOS_DEPLOYMENT_TARGET = 12.3;
				MTL_ENABLE_DEBUG_INFO = INCLUDE_SOURCE;
				MTL_FAST_MATH = YES;
				ONLY_ACTIVE_ARCH = YES;
				SDKROOT = iphoneos;
				SWIFT_ACTIVE_COMPILATION_CONDITIONS = DEBUG;
				SWIFT_OBJC_BRIDGING_HEADER = bridge/SQLite3Bridge.h;
				SWIFT_OPTIMIZATION_LEVEL = "-Onone";
				VERSIONING_SYSTEM = "apple-generic";
			};
			name = Debug;
		};
		C8AA65EE245FCE2F00B456AE /* Release */ = {
			isa = XCBuildConfiguration;
			buildSettings = {
				ALWAYS_SEARCH_USER_PATHS = NO;
				CLANG_ANALYZER_LOCALIZABILITY_NONLOCALIZED = YES;
				CLANG_ANALYZER_NONNULL = YES;
				CLANG_ANALYZER_NUMBER_OBJECT_CONVERSION = YES_AGGRESSIVE;
				CLANG_CXX_LANGUAGE_STANDARD = "gnu++14";
				CLANG_CXX_LIBRARY = "libc++";
				CLANG_ENABLE_MODULES = YES;
				CLANG_ENABLE_OBJC_ARC = YES;
				CLANG_ENABLE_OBJC_WEAK = YES;
				CLANG_WARN_BLOCK_CAPTURE_AUTORELEASING = YES;
				CLANG_WARN_BOOL_CONVERSION = YES;
				CLANG_WARN_COMMA = YES;
				CLANG_WARN_CONSTANT_CONVERSION = YES;
				CLANG_WARN_DEPRECATED_OBJC_IMPLEMENTATIONS = YES;
				CLANG_WARN_DIRECT_OBJC_ISA_USAGE = YES_ERROR;
				CLANG_WARN_DOCUMENTATION_COMMENTS = YES;
				CLANG_WARN_EMPTY_BODY = YES;
				CLANG_WARN_ENUM_CONVERSION = YES;
				CLANG_WARN_INFINITE_RECURSION = YES;
				CLANG_WARN_INT_CONVERSION = YES;
				CLANG_WARN_NON_LITERAL_NULL_CONVERSION = YES;
				CLANG_WARN_OBJC_IMPLICIT_RETAIN_SELF = YES;
				CLANG_WARN_OBJC_LITERAL_CONVERSION = YES;
				CLANG_WARN_OBJC_ROOT_CLASS = YES_ERROR;
				CLANG_WARN_QUOTED_INCLUDE_IN_FRAMEWORK_HEADER = YES;
				CLANG_WARN_RANGE_LOOP_ANALYSIS = YES;
				CLANG_WARN_STRICT_PROTOTYPES = YES;
				CLANG_WARN_SUSPICIOUS_MOVE = YES;
				CLANG_WARN_UNGUARDED_AVAILABILITY = YES_AGGRESSIVE;
				CLANG_WARN_UNREACHABLE_CODE = YES;
				CLANG_WARN__DUPLICATE_METHOD_MATCH = YES;
				CODE_SIGN_IDENTITY = "Apple Development";
				COPY_PHASE_STRIP = NO;
				DEBUG_INFORMATION_FORMAT = "dwarf-with-dsym";
				DEVELOPMENT_TEAM = "";
				ENABLE_NS_ASSERTIONS = NO;
				ENABLE_STRICT_OBJC_MSGSEND = YES;
				GCC_C_LANGUAGE_STANDARD = gnu11;
				GCC_NO_COMMON_BLOCKS = YES;
				GCC_WARN_64_TO_32_BIT_CONVERSION = YES;
				GCC_WARN_ABOUT_RETURN_TYPE = YES_ERROR;
				GCC_WARN_UNDECLARED_SELECTOR = YES;
				GCC_WARN_UNINITIALIZED_AUTOS = YES_AGGRESSIVE;
				GCC_WARN_UNUSED_FUNCTION = YES;
				GCC_WARN_UNUSED_VARIABLE = YES;
				IPHONEOS_DEPLOYMENT_TARGET = 12.3;
				MTL_ENABLE_DEBUG_INFO = NO;
				MTL_FAST_MATH = YES;
				SDKROOT = iphoneos;
				SWIFT_COMPILATION_MODE = wholemodule;
				SWIFT_OBJC_BRIDGING_HEADER = bridge/SQLite3Bridge.h;
				SWIFT_OPTIMIZATION_LEVEL = "-O";
				VALIDATE_PRODUCT = YES;
				VERSIONING_SYSTEM = "apple-generic";
			};
			name = Release;
		};
		C8AA65F0245FCE2F00B456AE /* Debug */ = {
			isa = XCBuildConfiguration;
			buildSettings = {
				ASSETCATALOG_COMPILER_APPICON_NAME = AppIcon;
				CODE_SIGN_ENTITLEMENTS = kitios/kitios.entitlements;
				CODE_SIGN_IDENTITY = "Apple Development";
				CODE_SIGN_STYLE = Automatic;
				DEVELOPMENT_TEAM = YMY6HM7S6S;
				INFOPLIST_FILE = kitios/Info.plist;
				IPHONEOS_DEPLOYMENT_TARGET = 11.0;
				LD_RUNPATH_SEARCH_PATHS = (
					"$(inherited)",
					"@executable_path/Frameworks",
				);
				PRODUCT_BUNDLE_IDENTIFIER = CCS.kitios;
				PRODUCT_NAME = "$(TARGET_NAME)";
				SWIFT_VERSION = 5.0;
				TARGETED_DEVICE_FAMILY = "1,2";
			};
			name = Debug;
		};
		C8AA65F1245FCE2F00B456AE /* Release */ = {
			isa = XCBuildConfiguration;
			buildSettings = {
				ASSETCATALOG_COMPILER_APPICON_NAME = AppIcon;
				CODE_SIGN_ENTITLEMENTS = kitios/kitios.entitlements;
				CODE_SIGN_IDENTITY = "Apple Development";
				CODE_SIGN_STYLE = Automatic;
				DEVELOPMENT_TEAM = YMY6HM7S6S;
				INFOPLIST_FILE = kitios/Info.plist;
				IPHONEOS_DEPLOYMENT_TARGET = 11.0;
				LD_RUNPATH_SEARCH_PATHS = (
					"$(inherited)",
					"@executable_path/Frameworks",
				);
				PRODUCT_BUNDLE_IDENTIFIER = CCS.kitios;
				PRODUCT_NAME = "$(TARGET_NAME)";
				SWIFT_VERSION = 5.0;
				TARGETED_DEVICE_FAMILY = "1,2";
			};
			name = Release;
		};
/* End XCBuildConfiguration section */

/* Begin XCConfigurationList section */
		C8AA65D6245FCE0E00B456AE /* Build configuration list for PBXProject "kitios" */ = {
			isa = XCConfigurationList;
			buildConfigurations = (
				C8AA65ED245FCE2F00B456AE /* Debug */,
				C8AA65EE245FCE2F00B456AE /* Release */,
			);
			defaultConfigurationIsVisible = 0;
			defaultConfigurationName = Release;
		};
		C8AA65EF245FCE2F00B456AE /* Build configuration list for PBXNativeTarget "kitios" */ = {
			isa = XCConfigurationList;
			buildConfigurations = (
				C8AA65F0245FCE2F00B456AE /* Debug */,
				C8AA65F1245FCE2F00B456AE /* Release */,
			);
			defaultConfigurationIsVisible = 0;
			defaultConfigurationName = Release;
		};
/* End XCConfigurationList section */
	};
	rootObject = C8AA65D3245FCE0E00B456AE /* Project object */;
}
